
Microsoft Visual Studio Solution File, Format Version 10.00
# Visual Studio 2008
Project("{8BC9CEB8-8B4A-11D0-8D11-00A0C91BC942}") = "Winamp Remote", "Winamp Remote\Winamp Remote.vcproj", "{AEB67668-7EBB-4228-A184-D1997F17FCDB}"
EndProject
Global
	GlobalSection(SolutionConfigurationPlatforms) = preSolution
		Debug|Win32 = Debug|Win32
		Release|Win32 = Release|Win32
	EndGlobalSection
	GlobalSection(ProjectConfigurationPlatforms) = postSolution
		{AEB67668-7EBB-4228-A184-D1997F17FCDB}.Debug|Win32.ActiveCfg = Debug|Win32
		{AEB67668-7EBB-4228-A184-D1997F17FCDB}.Debug|Win32.Build.0 = Debug|Win32
		{AEB67668-7EBB-4228-A184-D1997F17FCDB}.Release|Win32.ActiveCfg = Release|Win32
		{AEB67668-7EBB-4228-A184-D1997F17FCDB}.Release|Win32.Build.0 = Release|Win32
	EndGlobalSection
	GlobalSection(SolutionProperties) = preSolution
		HideSolutionNode = FALSE
	EndGlobalSection
EndGlobal
